
Microsoft Visual Studio Solution File, Format Version 12.00
# Visual Studio 15
VisualStudioVersion = 15.0.26730.12
MinimumVisualStudioVersion = 10.0.40219.1
Project("{F184B08F-C81C-45F6-A57F-5ABD9991F28F}") = "Visual Basic Text Editor", "Visual Basic Text Editor\Visual Basic Text Editor.vbproj", "{1E72DE5E-D2EF-4A4B-AB02-37BB87FFB2A2}"
EndProject
Global
	GlobalSection(SolutionConfigurationPlatforms) = preSolution
		Debug|Any CPU = Debug|Any CPU
		Release|Any CPU = Release|Any CPU
	EndGlobalSection
	GlobalSection(ProjectConfigurationPlatforms) = postSolution
		{1E72DE5E-D2EF-4A4B-AB02-37BB87FFB2A2}.Debug|Any CPU.ActiveCfg = Debug|Any CPU
		{1E72DE5E-D2EF-4A4B-AB02-37BB87FFB2A2}.Debug|Any CPU.Build.0 = Debug|Any CPU
		{1E72DE5E-D2EF-4A4B-AB02-37BB87FFB2A2}.Release|Any CPU.ActiveCfg = Release|Any CPU
		{1E72DE5E-D2EF-4A4B-AB02-37BB87FFB2A2}.Release|Any CPU.Build.0 = Release|Any CPU
	EndGlobalSection
	GlobalSection(SolutionProperties) = preSolution
		HideSolutionNode = FALSE
	EndGlobalSection
	GlobalSection(ExtensibilityGlobals) = postSolution
		SolutionGuid = {7C964FE1-0D67-4298-AE73-C9C7A3575A4B}
	EndGlobalSection
EndGlobal
